// !$*UTF8*$!
{
	archiveVersion = 1;
	classes = {
	};
	objectVersion = 56;
	objects = {

/* Begin PBXBuildFile section */
		5B5B69022A71A60400EA3D9B /* AppDelegate.swift in Sources */ = {isa = PBXBuildFile; fileRef = 5B5B69012A71A60400EA3D9B /* AppDelegate.swift */; };
		5B5B69042A71A60400EA3D9B /* SceneDelegate.swift in Sources */ = {isa = PBXBuildFile; fileRef = 5B5B69032A71A60400EA3D9B /* SceneDelegate.swift */; };
		5B5B690B2A71A60D00EA3D9B /* Assets.xcassets in Resources */ = {isa = PBXBuildFile; fileRef = 5B5B690A2A71A60D00EA3D9B /* Assets.xcassets */; };
		5B5B690E2A71A60D00EA3D9B /* LaunchScreen.storyboard in Resources */ = {isa = PBXBuildFile; fileRef = 5B5B690C2A71A60D00EA3D9B /* LaunchScreen.storyboard */; };
		5B5B69192A71A60D00EA3D9B /* _0230726_DavyChuon_NYCSchoolsTests.swift in Sources */ = {isa = PBXBuildFile; fileRef = 5B5B69182A71A60D00EA3D9B /* _0230726_DavyChuon_NYCSchoolsTests.swift */; };
		5B5B69232A71A60D00EA3D9B /* _0230726_DavyChuon_NYCSchoolsUITests.swift in Sources */ = {isa = PBXBuildFile; fileRef = 5B5B69222A71A60D00EA3D9B /* _0230726_DavyChuon_NYCSchoolsUITests.swift */; };
		5B5B69252A71A60D00EA3D9B /* _0230726_DavyChuon_NYCSchoolsUITestsLaunchTests.swift in Sources */ = {isa = PBXBuildFile; fileRef = 5B5B69242A71A60D00EA3D9B /* _0230726_DavyChuon_NYCSchoolsUITestsLaunchTests.swift */; };
		5B5B69322A71A6AE00EA3D9B /* SchoolListVC.swift in Sources */ = {isa = PBXBuildFile; fileRef = 5B5B69312A71A6AE00EA3D9B /* SchoolListVC.swift */; };
/* End PBXBuildFile section */

/* Begin PBXContainerItemProxy section */
		5B5B69152A71A60D00EA3D9B /* PBXContainerItemProxy */ = {
			isa = PBXContainerItemProxy;
			containerPortal = 5B5B68F62A71A60400EA3D9B /* Project object */;
			proxyType = 1;
			remoteGlobalIDString = 5B5B68FD2A71A60400EA3D9B;
			remoteInfo = "20230726-DavyChuon-NYCSchools";
		};
		5B5B691F2A71A60D00EA3D9B /* PBXContainerItemProxy */ = {
			isa = PBXContainerItemProxy;
			containerPortal = 5B5B68F62A71A60400EA3D9B /* Project object */;
			proxyType = 1;
			remoteGlobalIDString = 5B5B68FD2A71A60400EA3D9B;
			remoteInfo = "20230726-DavyChuon-NYCSchools";
		};
/* End PBXContainerItemProxy section */

/* Begin PBXFileReference section */
		5B5B68FE2A71A60400EA3D9B /* 20230726-DavyChuon-NYCSchools.app */ = {isa = PBXFileReference; explicitFileType = wrapper.application; includeInIndex = 0; path = "20230726-DavyChuon-NYCSchools.app"; sourceTree = BUILT_PRODUCTS_DIR; };
		5B5B69012A71A60400EA3D9B /* AppDelegate.swift */ = {isa = PBXFileReference; lastKnownFileType = sourcecode.swift; path = AppDelegate.swift; sourceTree = "<group>"; };
		5B5B69032A71A60400EA3D9B /* SceneDelegate.swift */ = {isa = PBXFileReference; lastKnownFileType = sourcecode.swift; path = SceneDelegate.swift; sourceTree = "<group>"; };
		5B5B690A2A71A60D00EA3D9B /* Assets.xcassets */ = {isa = PBXFileReference; lastKnownFileType = folder.assetcatalog; path = Assets.xcassets; sourceTree = "<group>"; };
		5B5B690D2A71A60D00EA3D9B /* Base */ = {isa = PBXFileReference; lastKnownFileType = file.storyboard; name = Base; path = Base.lproj/LaunchScreen.storyboard; sourceTree = "<group>"; };
		5B5B690F2A71A60D00EA3D9B /* Info.plist */ = {isa = PBXFileReference; lastKnownFileType = text.plist.xml; path = Info.plist; sourceTree = "<group>"; };
		5B5B69142A71A60D00EA3D9B /* 20230726-DavyChuon-NYCSchoolsTests.xctest */ = {isa = PBXFileReference; explicitFileType = wrapper.cfbundle; includeInIndex = 0; path = "20230726-DavyChuon-NYCSchoolsTests.xctest"; sourceTree = BUILT_PRODUCTS_DIR; };
		5B5B69182A71A60D00EA3D9B /* _0230726_DavyChuon_NYCSchoolsTests.swift */ = {isa = PBXFileReference; lastKnownFileType = sourcecode.swift; path = _0230726_DavyChuon_NYCSchoolsTests.swift; sourceTree = "<group>"; };
		5B5B691E2A71A60D00EA3D9B /* 20230726-DavyChuon-NYCSchoolsUITests.xctest */ = {isa = PBXFileReference; explicitFileType = wrapper.cfbundle; includeInIndex = 0; path = "20230726-DavyChuon-NYCSchoolsUITests.xctest"; sourceTree = BUILT_PRODUCTS_DIR; };
		5B5B69222A71A60D00EA3D9B /* _0230726_DavyChuon_NYCSchoolsUITests.swift */ = {isa = PBXFileReference; lastKnownFileType = sourcecode.swift; path = _0230726_DavyChuon_NYCSchoolsUITests.swift; sourceTree = "<group>"; };
		5B5B69242A71A60D00EA3D9B /* _0230726_DavyChuon_NYCSchoolsUITestsLaunchTests.swift */ = {isa = PBXFileReference; lastKnownFileType = sourcecode.swift; path = _0230726_DavyChuon_NYCSchoolsUITestsLaunchTests.swift; sourceTree = "<group>"; };
		5B5B69312A71A6AE00EA3D9B /* SchoolListVC.swift */ = {isa = PBXFileReference; lastKnownFileType = sourcecode.swift; path = SchoolListVC.swift; sourceTree = "<group>"; };
/* End PBXFileReference section */

/* Begin PBXFrameworksBuildPhase section */
		5B5B68FB2A71A60400EA3D9B /* Frameworks */ = {
			isa = PBXFrameworksBuildPhase;
			buildActionMask = 2147483647;
			files = (
			);
			runOnlyForDeploymentPostprocessing = 0;
		};
		5B5B69112A71A60D00EA3D9B /* Frameworks */ = {
			isa = PBXFrameworksBuildPhase;
			buildActionMask = 2147483647;
			files = (
			);
			runOnlyForDeploymentPostprocessing = 0;
		};
		5B5B691B2A71A60D00EA3D9B /* Frameworks */ = {
			isa = PBXFrameworksBuildPhase;
			buildActionMask = 2147483647;
			files = (
			);
			runOnlyForDeploymentPostprocessing = 0;
		};
/* End PBXFrameworksBuildPhase section */

/* Begin PBXGroup section */
		5B5B68F52A71A60400EA3D9B = {
			isa = PBXGroup;
			children = (
				5B5B69002A71A60400EA3D9B /* 20230726-DavyChuon-NYCSchools */,
				5B5B69172A71A60D00EA3D9B /* 20230726-DavyChuon-NYCSchoolsTests */,
				5B5B69212A71A60D00EA3D9B /* 20230726-DavyChuon-NYCSchoolsUITests */,
				5B5B68FF2A71A60400EA3D9B /* Products */,
			);
			sourceTree = "<group>";
		};
		5B5B68FF2A71A60400EA3D9B /* Products */ = {
			isa = PBXGroup;
			children = (
				5B5B68FE2A71A60400EA3D9B /* 20230726-DavyChuon-NYCSchools.app */,
				5B5B69142A71A60D00EA3D9B /* 20230726-DavyChuon-NYCSchoolsTests.xctest */,
				5B5B691E2A71A60D00EA3D9B /* 20230726-DavyChuon-NYCSchoolsUITests.xctest */,
			);
			name = Products;
			sourceTree = "<group>";
		};
		5B5B69002A71A60400EA3D9B /* 20230726-DavyChuon-NYCSchools */ = {
			isa = PBXGroup;
			children = (
				5B5B69372A71A88400EA3D9B /* Models */,
				5B5B69362A71A87D00EA3D9B /* Views */,
				5B5B69332A71A6B600EA3D9B /* ViewControllers */,
				5B5B69352A71A7DB00EA3D9B /* Support */,
				5B5B690F2A71A60D00EA3D9B /* Info.plist */,
			);
			path = "20230726-DavyChuon-NYCSchools";
			sourceTree = "<group>";
		};
		5B5B69172A71A60D00EA3D9B /* 20230726-DavyChuon-NYCSchoolsTests */ = {
			isa = PBXGroup;
			children = (
				5B5B69182A71A60D00EA3D9B /* _0230726_DavyChuon_NYCSchoolsTests.swift */,
			);
			path = "20230726-DavyChuon-NYCSchoolsTests";
			sourceTree = "<group>";
		};
		5B5B69212A71A60D00EA3D9B /* 20230726-DavyChuon-NYCSchoolsUITests */ = {
			isa = PBXGroup;
			children = (
				5B5B69222A71A60D00EA3D9B /* _0230726_DavyChuon_NYCSchoolsUITests.swift */,
				5B5B69242A71A60D00EA3D9B /* _0230726_DavyChuon_NYCSchoolsUITestsLaunchTests.swift */,
			);
			path = "20230726-DavyChuon-NYCSchoolsUITests";
			sourceTree = "<group>";
		};
		5B5B69332A71A6B600EA3D9B /* ViewControllers */ = {
			isa = PBXGroup;
			children = (
				5B5B69312A71A6AE00EA3D9B /* SchoolListVC.swift */,
			);
			path = ViewControllers;
			sourceTree = "<group>";
		};
		5B5B69352A71A7DB00EA3D9B /* Support */ = {
			isa = PBXGroup;
			children = (
				5B5B69012A71A60400EA3D9B /* AppDelegate.swift */,
				5B5B69032A71A60400EA3D9B /* SceneDelegate.swift */,
				5B5B690A2A71A60D00EA3D9B /* Assets.xcassets */,
				5B5B690C2A71A60D00EA3D9B /* LaunchScreen.storyboard */,
			);
			path = Support;
			sourceTree = "<group>";
		};
		5B5B69362A71A87D00EA3D9B /* Views */ = {
			isa = PBXGroup;
			children = (
			);
			path = Views;
			sourceTree = "<group>";
		};
		5B5B69372A71A88400EA3D9B /* Models */ = {
			isa = PBXGroup;
			children = (
			);
			path = Models;
			sourceTree = "<group>";
		};
/* End PBXGroup section */

/* Begin PBXNativeTarget section */
		5B5B68FD2A71A60400EA3D9B /* 20230726-DavyChuon-NYCSchools */ = {
			isa = PBXNativeTarget;
			buildConfigurationList = 5B5B69282A71A60D00EA3D9B /* Build configuration list for PBXNativeTarget "20230726-DavyChuon-NYCSchools" */;
			buildPhases = (
				5B5B68FA2A71A60400EA3D9B /* Sources */,
				5B5B68FB2A71A60400EA3D9B /* Frameworks */,
				5B5B68FC2A71A60400EA3D9B /* Resources */,
			);
			buildRules = (
			);
			dependencies = (
			);
			name = "20230726-DavyChuon-NYCSchools";
			productName = "20230726-DavyChuon-NYCSchools";
			productReference = 5B5B68FE2A71A60400EA3D9B /* 20230726-DavyChuon-NYCSchools.app */;
			productType = "com.apple.product-type.application";
		};
		5B5B69132A71A60D00EA3D9B /* 20230726-DavyChuon-NYCSchoolsTests */ = {
			isa = PBXNativeTarget;
			buildConfigurationList = 5B5B692B2A71A60D00EA3D9B /* Build configuration list for PBXNativeTarget "20230726-DavyChuon-NYCSchoolsTests" */;
			buildPhases = (
				5B5B69102A71A60D00EA3D9B /* Sources */,
				5B5B69112A71A60D00EA3D9B /* Frameworks */,
				5B5B69122A71A60D00EA3D9B /* Resources */,
			);
			buildRules = (
			);
			dependencies = (
				5B5B69162A71A60D00EA3D9B /* PBXTargetDependency */,
			);
			name = "20230726-DavyChuon-NYCSchoolsTests";
			productName = "20230726-DavyChuon-NYCSchoolsTests";
			productReference = 5B5B69142A71A60D00EA3D9B /* 20230726-DavyChuon-NYCSchoolsTests.xctest */;
			productType = "com.apple.product-type.bundle.unit-test";
		};
		5B5B691D2A71A60D00EA3D9B /* 20230726-DavyChuon-NYCSchoolsUITests */ = {
			isa = PBXNativeTarget;
			buildConfigurationList = 5B5B692E2A71A60D00EA3D9B /* Build configuration list for PBXNativeTarget "20230726-DavyChuon-NYCSchoolsUITests" */;
			buildPhases = (
				5B5B691A2A71A60D00EA3D9B /* Sources */,
				5B5B691B2A71A60D00EA3D9B /* Frameworks */,
				5B5B691C2A71A60D00EA3D9B /* Resources */,
			);
			buildRules = (
			);
			dependencies = (
				5B5B69202A71A60D00EA3D9B /* PBXTargetDependency */,
			);
			name = "20230726-DavyChuon-NYCSchoolsUITests";
			productName = "20230726-DavyChuon-NYCSchoolsUITests";
			productReference = 5B5B691E2A71A60D00EA3D9B /* 20230726-DavyChuon-NYCSchoolsUITests.xctest */;
			productType = "com.apple.product-type.bundle.ui-testing";
		};
/* End PBXNativeTarget section */

/* Begin PBXProject section */
		5B5B68F62A71A60400EA3D9B /* Project object */ = {
			isa = PBXProject;
			attributes = {
				BuildIndependentTargetsInParallel = 1;
				LastSwiftUpdateCheck = 1500;
				LastUpgradeCheck = 1500;
				TargetAttributes = {
					5B5B68FD2A71A60400EA3D9B = {
						CreatedOnToolsVersion = 15.0;
					};
					5B5B69132A71A60D00EA3D9B = {
						CreatedOnToolsVersion = 15.0;
						TestTargetID = 5B5B68FD2A71A60400EA3D9B;
					};
					5B5B691D2A71A60D00EA3D9B = {
						CreatedOnToolsVersion = 15.0;
						TestTargetID = 5B5B68FD2A71A60400EA3D9B;
					};
				};
			};
			buildConfigurationList = 5B5B68F92A71A60400EA3D9B /* Build configuration list for PBXProject "20230726-DavyChuon-NYCSchools" */;
			compatibilityVersion = "Xcode 14.0";
			developmentRegion = en;
			hasScannedForEncodings = 0;
			knownRegions = (
				en,
				Base,
			);
			mainGroup = 5B5B68F52A71A60400EA3D9B;
			productRefGroup = 5B5B68FF2A71A60400EA3D9B /* Products */;
			projectDirPath = "";
			projectRoot = "";
			targets = (
				5B5B68FD2A71A60400EA3D9B /* 20230726-DavyChuon-NYCSchools */,
				5B5B69132A71A60D00EA3D9B /* 20230726-DavyChuon-NYCSchoolsTests */,
				5B5B691D2A71A60D00EA3D9B /* 20230726-DavyChuon-NYCSchoolsUITests */,
			);
		};
/* End PBXProject section */

/* Begin PBXResourcesBuildPhase section */
		5B5B68FC2A71A60400EA3D9B /* Resources */ = {
			isa = PBXResourcesBuildPhase;
			buildActionMask = 2147483647;
			files = (
				5B5B690E2A71A60D00EA3D9B /* LaunchScreen.storyboard in Resources */,
				5B5B690B2A71A60D00EA3D9B /* Assets.xcassets in Resources */,
			);
			runOnlyForDeploymentPostprocessing = 0;
		};
		5B5B69122A71A60D00EA3D9B /* Resources */ = {
			isa = PBXResourcesBuildPhase;
			buildActionMask = 2147483647;
			files = (
			);
			runOnlyForDeploymentPostprocessing = 0;
		};
		5B5B691C2A71A60D00EA3D9B /* Resources */ = {
			isa = PBXResourcesBuildPhase;
			buildActionMask = 2147483647;
			files = (
			);
			runOnlyForDeploymentPostprocessing = 0;
		};
/* End PBXResourcesBuildPhase section */

/* Begin PBXSourcesBuildPhase section */
		5B5B68FA2A71A60400EA3D9B /* Sources */ = {
			isa = PBXSourcesBuildPhase;
			buildActionMask = 2147483647;
			files = (
				5B5B69022A71A60400EA3D9B /* AppDelegate.swift in Sources */,
				5B5B69322A71A6AE00EA3D9B /* SchoolListVC.swift in Sources */,
				5B5B69042A71A60400EA3D9B /* SceneDelegate.swift in Sources */,
			);
			runOnlyForDeploymentPostprocessing = 0;
		};
		5B5B69102A71A60D00EA3D9B /* Sources */ = {
			isa = PBXSourcesBuildPhase;
			buildActionMask = 2147483647;
			files = (
				5B5B69192A71A60D00EA3D9B /* _0230726_DavyChuon_NYCSchoolsTests.swift in Sources */,
			);
			runOnlyForDeploymentPostprocessing = 0;
		};
		5B5B691A2A71A60D00EA3D9B /* Sources */ = {
			isa = PBXSourcesBuildPhase;
			buildActionMask = 2147483647;
			files = (
				5B5B69252A71A60D00EA3D9B /* _0230726_DavyChuon_NYCSchoolsUITestsLaunchTests.swift in Sources */,
				5B5B69232A71A60D00EA3D9B /* _0230726_DavyChuon_NYCSchoolsUITests.swift in Sources */,
			);
			runOnlyForDeploymentPostprocessing = 0;
		};
/* End PBXSourcesBuildPhase section */

/* Begin PBXTargetDependency section */
		5B5B69162A71A60D00EA3D9B /* PBXTargetDependency */ = {
			isa = PBXTargetDependency;
			target = 5B5B68FD2A71A60400EA3D9B /* 20230726-DavyChuon-NYCSchools */;
			targetProxy = 5B5B69152A71A60D00EA3D9B /* PBXContainerItemProxy */;
		};
		5B5B69202A71A60D00EA3D9B /* PBXTargetDependency */ = {
			isa = PBXTargetDependency;
			target = 5B5B68FD2A71A60400EA3D9B /* 20230726-DavyChuon-NYCSchools */;
			targetProxy = 5B5B691F2A71A60D00EA3D9B /* PBXContainerItemProxy */;
		};
/* End PBXTargetDependency section */

/* Begin PBXVariantGroup section */
		5B5B690C2A71A60D00EA3D9B /* LaunchScreen.storyboard */ = {
			isa = PBXVariantGroup;
			children = (
				5B5B690D2A71A60D00EA3D9B /* Base */,
			);
			name = LaunchScreen.storyboard;
			sourceTree = "<group>";
		};
/* End PBXVariantGroup section */

/* Begin XCBuildConfiguration section */
		5B5B69262A71A60D00EA3D9B /* Debug */ = {
			isa = XCBuildConfiguration;
			buildSettings = {
				ALWAYS_SEARCH_USER_PATHS = NO;
				ASSETCATALOG_COMPILER_GENERATE_SWIFT_ASSET_SYMBOL_EXTENSIONS = YES;
				CLANG_ANALYZER_NONNULL = YES;
				CLANG_ANALYZER_NUMBER_OBJECT_CONVERSION = YES_AGGRESSIVE;
				CLANG_CXX_LANGUAGE_STANDARD = "gnu++20";
				CLANG_ENABLE_MODULES = YES;
				CLANG_ENABLE_OBJC_ARC = YES;
				CLANG_ENABLE_OBJC_WEAK = YES;
				CLANG_WARN_BLOCK_CAPTURE_AUTORELEASING = YES;
				CLANG_WARN_BOOL_CONVERSION = YES;
				CLANG_WARN_COMMA = YES;
				CLANG_WARN_CONSTANT_CONVERSION = YES;
				CLANG_WARN_DEPRECATED_OBJC_IMPLEMENTATIONS = YES;
				CLANG_WARN_DIRECT_OBJC_ISA_USAGE = YES_ERROR;
				CLANG_WARN_DOCUMENTATION_COMMENTS = YES;
				CLANG_WARN_EMPTY_BODY = YES;
				CLANG_WARN_ENUM_CONVERSION = YES;
				CLANG_WARN_INFINITE_RECURSION = YES;
				CLANG_WARN_INT_CONVERSION = YES;
				CLANG_WARN_NON_LITERAL_NULL_CONVERSION = YES;
				CLANG_WARN_OBJC_IMPLICIT_RETAIN_SELF = YES;
				CLANG_WARN_OBJC_LITERAL_CONVERSION = YES;
				CLANG_WARN_OBJC_ROOT_CLASS = YES_ERROR;
				CLANG_WARN_QUOTED_INCLUDE_IN_FRAMEWORK_HEADER = YES;
				CLANG_WARN_RANGE_LOOP_ANALYSIS = YES;
				CLANG_WARN_STRICT_PROTOTYPES = YES;
				CLANG_WARN_SUSPICIOUS_MOVE = YES;
				CLANG_WARN_UNGUARDED_AVAILABILITY = YES_AGGRESSIVE;
				CLANG_WARN_UNREACHABLE_CODE = YES;
				CLANG_WARN__DUPLICATE_METHOD_MATCH = YES;
				COPY_PHASE_STRIP = NO;
				DEBUG_INFORMATION_FORMAT = dwarf;
				ENABLE_STRICT_OBJC_MSGSEND = YES;
				ENABLE_TESTABILITY = YES;
				ENABLE_USER_SCRIPT_SANDBOXING = YES;
				GCC_C_LANGUAGE_STANDARD = gnu17;
				GCC_DYNAMIC_NO_PIC = NO;
				GCC_NO_COMMON_BLOCKS = YES;
				GCC_OPTIMIZATION_LEVEL = 0;
				GCC_PREPROCESSOR_DEFINITIONS = (
					"DEBUG=1",
					"$(inherited)",
				);
				GCC_WARN_64_TO_32_BIT_CONVERSION = YES;
				GCC_WARN_ABOUT_RETURN_TYPE = YES_ERROR;
				GCC_WARN_UNDECLARED_SELECTOR = YES;
				GCC_WARN_UNINITIALIZED_AUTOS = YES_AGGRESSIVE;
				GCC_WARN_UNUSED_FUNCTION = YES;
				GCC_WARN_UNUSED_VARIABLE = YES;
				IPHONEOS_DEPLOYMENT_TARGET = 16.0;
				LOCALIZATION_PREFERS_STRING_CATALOGS = YES;
				MTL_ENABLE_DEBUG_INFO = INCLUDE_SOURCE;
				MTL_FAST_MATH = YES;
				ONLY_ACTIVE_ARCH = YES;
				SDKROOT = iphoneos;
				SWIFT_ACTIVE_COMPILATION_CONDITIONS = "DEBUG $(inherited)";
				SWIFT_OPTIMIZATION_LEVEL = "-Onone";
			};
			name = Debug;
		};
		5B5B69272A71A60D00EA3D9B /* Release */ = {
			isa = XCBuildConfiguration;
			buildSettings = {
				ALWAYS_SEARCH_USER_PATHS = NO;
				ASSETCATALOG_COMPILER_GENERATE_SWIFT_ASSET_SYMBOL_EXTENSIONS = YES;
				CLANG_ANALYZER_NONNULL = YES;
				CLANG_ANALYZER_NUMBER_OBJECT_CONVERSION = YES_AGGRESSIVE;
				CLANG_CXX_LANGUAGE_STANDARD = "gnu++20";
				CLANG_ENABLE_MODULES = YES;
				CLANG_ENABLE_OBJC_ARC = YES;
				CLANG_ENABLE_OBJC_WEAK = YES;
				CLANG_WARN_BLOCK_CAPTURE_AUTORELEASING = YES;
				CLANG_WARN_BOOL_CONVERSION = YES;
				CLANG_WARN_COMMA = YES;
				CLANG_WARN_CONSTANT_CONVERSION = YES;
				CLANG_WARN_DEPRECATED_OBJC_IMPLEMENTATIONS = YES;
				CLANG_WARN_DIRECT_OBJC_ISA_USAGE = YES_ERROR;
				CLANG_WARN_DOCUMENTATION_COMMENTS = YES;
				CLANG_WARN_EMPTY_BODY = YES;
				CLANG_WARN_ENUM_CONVERSION = YES;
				CLANG_WARN_INFINITE_RECURSION = YES;
				CLANG_WARN_INT_CONVERSION = YES;
				CLANG_WARN_NON_LITERAL_NULL_CONVERSION = YES;
				CLANG_WARN_OBJC_IMPLICIT_RETAIN_SELF = YES;
				CLANG_WARN_OBJC_LITERAL_CONVERSION = YES;
				CLANG_WARN_OBJC_ROOT_CLASS = YES_ERROR;
				CLANG_WARN_QUOTED_INCLUDE_IN_FRAMEWORK_HEADER = YES;
				CLANG_WARN_RANGE_LOOP_ANALYSIS = YES;
				CLANG_WARN_STRICT_PROTOTYPES = YES;
				CLANG_WARN_SUSPICIOUS_MOVE = YES;
				CLANG_WARN_UNGUARDED_AVAILABILITY = YES_AGGRESSIVE;
				CLANG_WARN_UNREACHABLE_CODE = YES;
				CLANG_WARN__DUPLICATE_METHOD_MATCH = YES;
				COPY_PHASE_STRIP = NO;
				DEBUG_INFORMATION_FORMAT = "dwarf-with-dsym";
				ENABLE_NS_ASSERTIONS = NO;
				ENABLE_STRICT_OBJC_MSGSEND = YES;
				ENABLE_USER_SCRIPT_SANDBOXING = YES;
				GCC_C_LANGUAGE_STANDARD = gnu17;
				GCC_NO_COMMON_BLOCKS = YES;
				GCC_WARN_64_TO_32_BIT_CONVERSION = YES;
				GCC_WARN_ABOUT_RETURN_TYPE = YES_ERROR;
				GCC_WARN_UNDECLARED_SELECTOR = YES;
				GCC_WARN_UNINITIALIZED_AUTOS = YES_AGGRESSIVE;
				GCC_WARN_UNUSED_FUNCTION = YES;
				GCC_WARN_UNUSED_VARIABLE = YES;
				IPHONEOS_DEPLOYMENT_TARGET = 16.0;
				LOCALIZATION_PREFERS_STRING_CATALOGS = YES;
				MTL_ENABLE_DEBUG_INFO = NO;
				MTL_FAST_MATH = YES;
				SDKROOT = iphoneos;
				SWIFT_COMPILATION_MODE = wholemodule;
				VALIDATE_PRODUCT = YES;
			};
			name = Release;
		};
		5B5B69292A71A60D00EA3D9B /* Debug */ = {
			isa = XCBuildConfiguration;
			buildSettings = {
				ASSETCATALOG_COMPILER_APPICON_NAME = AppIcon;
				ASSETCATALOG_COMPILER_GLOBAL_ACCENT_COLOR_NAME = AccentColor;
				CODE_SIGN_IDENTITY = "Apple Development";
				CODE_SIGN_STYLE = Automatic;
				CURRENT_PROJECT_VERSION = 1;
				DEVELOPMENT_TEAM = "";
				GENERATE_INFOPLIST_FILE = YES;
				INFOPLIST_FILE = "20230726-DavyChuon-NYCSchools/Info.plist";
				INFOPLIST_KEY_UIApplicationSupportsIndirectInputEvents = YES;
				INFOPLIST_KEY_UILaunchStoryboardName = LaunchScreen;
				INFOPLIST_KEY_UISupportedInterfaceOrientations_iPad = "UIInterfaceOrientationPortrait UIInterfaceOrientationPortraitUpsideDown UIInterfaceOrientationLandscapeLeft UIInterfaceOrientationLandscapeRight";
				INFOPLIST_KEY_UISupportedInterfaceOrientations_iPhone = "UIInterfaceOrientationPortrait UIInterfaceOrientationLandscapeLeft UIInterfaceOrientationLandscapeRight";
				LD_RUNPATH_SEARCH_PATHS = (
					"$(inherited)",
					"@executable_path/Frameworks",
				);
				MARKETING_VERSION = 1.0;
				PRODUCT_BUNDLE_IDENTIFIER = "com.Dchuon.-0230726-DavyChuon-NYCSchools";
				PRODUCT_NAME = "$(TARGET_NAME)";
				PROVISIONING_PROFILE_SPECIFIER = "";
				SWIFT_EMIT_LOC_STRINGS = YES;
				SWIFT_VERSION = 5.0;
				TARGETED_DEVICE_FAMILY = "1,2";
			};
			name = Debug;
		};
		5B5B692A2A71A60D00EA3D9B /* Release */ = {
			isa = XCBuildConfiguration;
			buildSettings = {
				ASSETCATALOG_COMPILER_APPICON_NAME = AppIcon;
				ASSETCATALOG_COMPILER_GLOBAL_ACCENT_COLOR_NAME = AccentColor;
				CODE_SIGN_IDENTITY = "Apple Development";
				CODE_SIGN_STYLE = Automatic;
				CURRENT_PROJECT_VERSION = 1;
				DEVELOPMENT_TEAM = "";
				GENERATE_INFOPLIST_FILE = YES;
				INFOPLIST_FILE = "20230726-DavyChuon-NYCSchools/Info.plist";
				INFOPLIST_KEY_UIApplicationSupportsIndirectInputEvents = YES;
				INFOPLIST_KEY_UILaunchStoryboardName = LaunchScreen;
				INFOPLIST_KEY_UISupportedInterfaceOrientations_iPad = "UIInterfaceOrientationPortrait UIInterfaceOrientationPortraitUpsideDown UIInterfaceOrientationLandscapeLeft UIInterfaceOrientationLandscapeRight";
				INFOPLIST_KEY_UISupportedInterfaceOrientations_iPhone = "UIInterfaceOrientationPortrait UIInterfaceOrientationLandscapeLeft UIInterfaceOrientationLandscapeRight";
				LD_RUNPATH_SEARCH_PATHS = (
					"$(inherited)",
					"@executable_path/Frameworks",
				);
				MARKETING_VERSION = 1.0;
				PRODUCT_BUNDLE_IDENTIFIER = "com.Dchuon.-0230726-DavyChuon-NYCSchools";
				PRODUCT_NAME = "$(TARGET_NAME)";
				PROVISIONING_PROFILE_SPECIFIER = "";
				SWIFT_EMIT_LOC_STRINGS = YES;
				SWIFT_VERSION = 5.0;
				TARGETED_DEVICE_FAMILY = "1,2";
			};
			name = Release;
		};
		5B5B692C2A71A60D00EA3D9B /* Debug */ = {
			isa = XCBuildConfiguration;
			buildSettings = {
				ALWAYS_EMBED_SWIFT_STANDARD_LIBRARIES = YES;
				BUNDLE_LOADER = "$(TEST_HOST)";
				CODE_SIGN_STYLE = Automatic;
				CURRENT_PROJECT_VERSION = 1;
				DEVELOPMENT_TEAM = 2J43M5H25R;
				GENERATE_INFOPLIST_FILE = YES;
				IPHONEOS_DEPLOYMENT_TARGET = 17.0;
				MARKETING_VERSION = 1.0;
				PRODUCT_BUNDLE_IDENTIFIER = "com.Dchuon.-0230726-DavyChuon-NYCSchoolsTests";
				PRODUCT_NAME = "$(TARGET_NAME)";
				SWIFT_EMIT_LOC_STRINGS = NO;
				SWIFT_VERSION = 5.0;
				TARGETED_DEVICE_FAMILY = "1,2";
				TEST_HOST = "$(BUILT_PRODUCTS_DIR)/20230726-DavyChuon-NYCSchools.app/$(BUNDLE_EXECUTABLE_FOLDER_PATH)/20230726-DavyChuon-NYCSchools";
			};
			name = Debug;
		};
		5B5B692D2A71A60D00EA3D9B /* Release */ = {
			isa = XCBuildConfiguration;
			buildSettings = {
				ALWAYS_EMBED_SWIFT_STANDARD_LIBRARIES = YES;
				BUNDLE_LOADER = "$(TEST_HOST)";
				CODE_SIGN_STYLE = Automatic;
				CURRENT_PROJECT_VERSION = 1;
				DEVELOPMENT_TEAM = 2J43M5H25R;
				GENERATE_INFOPLIST_FILE = YES;
				IPHONEOS_DEPLOYMENT_TARGET = 17.0;
				MARKETING_VERSION = 1.0;
				PRODUCT_BUNDLE_IDENTIFIER = "com.Dchuon.-0230726-DavyChuon-NYCSchoolsTests";
				PRODUCT_NAME = "$(TARGET_NAME)";
				SWIFT_EMIT_LOC_STRINGS = NO;
				SWIFT_VERSION = 5.0;
				TARGETED_DEVICE_FAMILY = "1,2";
				TEST_HOST = "$(BUILT_PRODUCTS_DIR)/20230726-DavyChuon-NYCSchools.app/$(BUNDLE_EXECUTABLE_FOLDER_PATH)/20230726-DavyChuon-NYCSchools";
			};
			name = Release;
		};
		5B5B692F2A71A60D00EA3D9B /* Debug */ = {
			isa = XCBuildConfiguration;
			buildSettings = {
				ALWAYS_EMBED_SWIFT_STANDARD_LIBRARIES = YES;
				CODE_SIGN_STYLE = Automatic;
				CURRENT_PROJECT_VERSION = 1;
				DEVELOPMENT_TEAM = 2J43M5H25R;
				GENERATE_INFOPLIST_FILE = YES;
				MARKETING_VERSION = 1.0;
				PRODUCT_BUNDLE_IDENTIFIER = "com.Dchuon.-0230726-DavyChuon-NYCSchoolsUITests";
				PRODUCT_NAME = "$(TARGET_NAME)";
				SWIFT_EMIT_LOC_STRINGS = NO;
				SWIFT_VERSION = 5.0;
				TARGETED_DEVICE_FAMILY = "1,2";
				TEST_TARGET_NAME = "20230726-DavyChuon-NYCSchools";
			};
			name = Debug;
		};
		5B5B69302A71A60D00EA3D9B /* Release */ = {
			isa = XCBuildConfiguration;
			buildSettings = {
				ALWAYS_EMBED_SWIFT_STANDARD_LIBRARIES = YES;
				CODE_SIGN_STYLE = Automatic;
				CURRENT_PROJECT_VERSION = 1;
				DEVELOPMENT_TEAM = 2J43M5H25R;
				GENERATE_INFOPLIST_FILE = YES;
				MARKETING_VERSION = 1.0;
				PRODUCT_BUNDLE_IDENTIFIER = "com.Dchuon.-0230726-DavyChuon-NYCSchoolsUITests";
				PRODUCT_NAME = "$(TARGET_NAME)";
				SWIFT_EMIT_LOC_STRINGS = NO;
				SWIFT_VERSION = 5.0;
				TARGETED_DEVICE_FAMILY = "1,2";
				TEST_TARGET_NAME = "20230726-DavyChuon-NYCSchools";
			};
			name = Release;
		};
/* End XCBuildConfiguration section */

/* Begin XCConfigurationList section */
		5B5B68F92A71A60400EA3D9B /* Build configuration list for PBXProject "20230726-DavyChuon-NYCSchools" */ = {
			isa = XCConfigurationList;
			buildConfigurations = (
				5B5B69262A71A60D00EA3D9B /* Debug */,
				5B5B69272A71A60D00EA3D9B /* Release */,
			);
			defaultConfigurationIsVisible = 0;
			defaultConfigurationName = Release;
		};
		5B5B69282A71A60D00EA3D9B /* Build configuration list for PBXNativeTarget "20230726-DavyChuon-NYCSchools" */ = {
			isa = XCConfigurationList;
			buildConfigurations = (
				5B5B69292A71A60D00EA3D9B /* Debug */,
				5B5B692A2A71A60D00EA3D9B /* Release */,
			);
			defaultConfigurationIsVisible = 0;
			defaultConfigurationName = Release;
		};
		5B5B692B2A71A60D00EA3D9B /* Build configuration list for PBXNativeTarget "20230726-DavyChuon-NYCSchoolsTests" */ = {
			isa = XCConfigurationList;
			buildConfigurations = (
				5B5B692C2A71A60D00EA3D9B /* Debug */,
				5B5B692D2A71A60D00EA3D9B /* Release */,
			);
			defaultConfigurationIsVisible = 0;
			defaultConfigurationName = Release;
		};
		5B5B692E2A71A60D00EA3D9B /* Build configuration list for PBXNativeTarget "20230726-DavyChuon-NYCSchoolsUITests" */ = {
			isa = XCConfigurationList;
			buildConfigurations = (
				5B5B692F2A71A60D00EA3D9B /* Debug */,
				5B5B69302A71A60D00EA3D9B /* Release */,
			);
			defaultConfigurationIsVisible = 0;
			defaultConfigurationName = Release;
		};
/* End XCConfigurationList section */
	};
	rootObject = 5B5B68F62A71A60400EA3D9B /* Project object */;
}
